
Microsoft Visual Studio Solution File, Format Version 12.00
# Visual Studio 15
VisualStudioVersion = 15.0.27428.2037
MinimumVisualStudioVersion = 10.0.40219.1
Project("{2150E333-8FDC-42A3-9474-1A3956D46DE8}") = "Models", "Models", "{61A3D273-FE7D-443E-A381-6B01220C013E}"
EndProject
Project("{FAE04EC0-301F-11D3-BF4B-00C04F79EFBC}") = "PZModels", "PZModels\PZModels.csproj", "{872C9A72-9017-4535-9D09-15B7A2084292}"
EndProject
Project("{2150E333-8FDC-42A3-9474-1A3956D46DE8}") = "Services", "Services", "{BF572A4A-7C69-4CBB-A01A-F705BFD8EA91}"
EndProject
Project("{FAE04EC0-301F-11D3-BF4B-00C04F79EFBC}") = "PZServices", "PZServices\PZServices.csproj", "{308F0AE1-3879-4E3F-8A4A-8D745A140D55}"
EndProject
Project("{2150E333-8FDC-42A3-9474-1A3956D46DE8}") = "Data", "Data", "{FCAE3C29-7537-45E8-922E-16DF4D1BDFD5}"
EndProject
Project("{FAE04EC0-301F-11D3-BF4B-00C04F79EFBC}") = "PZRepositories", "PZRepositories\PZRepositories.csproj", "{0A4AF450-CD7B-4A21-9623-D320C43B507D}"
EndProject
Project("{FAE04EC0-301F-11D3-BF4B-00C04F79EFBC}") = "Serialization", "ConsoleApp1\Serialization.csproj", "{40240407-1664-45D0-9CE1-354981AB2DCB}"
EndProject
Project("{2150E333-8FDC-42A3-9474-1A3956D46DE8}") = "Application", "Application", "{AD7F226F-3AD5-4C31-89F0-D0E9D0B64AAD}"
EndProject
Project("{FAE04EC0-301F-11D3-BF4B-00C04F79EFBC}") = "ApplicationClient", "ApplicationClient\ApplicationClient.csproj", "{4CF03ABD-3936-4864-9699-87C763334E64}"
EndProject
Project("{FAE04EC0-301F-11D3-BF4B-00C04F79EFBC}") = "ApplicationServices", "ApplicationServices\ApplicationServices.csproj", "{5D4E904A-4323-4DCC-9C07-4E6D1C00FEB7}"
EndProject
Project("{2150E333-8FDC-42A3-9474-1A3956D46DE8}") = "Test", "Test", "{9366BDCE-F863-4F63-893C-7698E3083431}"
EndProject
Project("{FAE04EC0-301F-11D3-BF4B-00C04F79EFBC}") = "ServicesUnitTests", "ServicesUnitTests\ServicesUnitTests.csproj", "{A4F51731-D4E0-4B8D-A0ED-196EF5C45078}"
EndProject
Project("{FAE04EC0-301F-11D3-BF4B-00C04F79EFBC}") = "Serialization", "Serialization\Serialization.csproj", "{C8D8581A-3EDF-48F1-BC1C-712D57C45364}"
EndProject
Project("{2150E333-8FDC-42A3-9474-1A3956D46DE8}") = "UI", "UI", "{A17B37BE-62C9-4A36-90DE-8ADC9F63C596}"
	ProjectSection(SolutionItems) = preProject
		PZModels\packages.config = PZModels\packages.config
	EndProjectSection
EndProject
Project("{FAE04EC0-301F-11D3-BF4B-00C04F79EFBC}") = "Yarr", "Yarr\Yarr.csproj", "{CBE03B49-E15C-45D6-A2D3-CCE4A1E6C754}"
EndProject
Project("{FAE04EC0-301F-11D3-BF4B-00C04F79EFBC}") = "Yarr.Tests", "Yarr.Tests\Yarr.Tests.csproj", "{F48D7F29-6B8F-42A9-A452-63B92BD9C21D}"
EndProject
Global
	GlobalSection(SolutionConfigurationPlatforms) = preSolution
		Debug|Any CPU = Debug|Any CPU
		Release|Any CPU = Release|Any CPU
	EndGlobalSection
	GlobalSection(ProjectConfigurationPlatforms) = postSolution
		{872C9A72-9017-4535-9D09-15B7A2084292}.Debug|Any CPU.ActiveCfg = Debug|Any CPU
		{872C9A72-9017-4535-9D09-15B7A2084292}.Debug|Any CPU.Build.0 = Debug|Any CPU
		{872C9A72-9017-4535-9D09-15B7A2084292}.Release|Any CPU.ActiveCfg = Release|Any CPU
		{872C9A72-9017-4535-9D09-15B7A2084292}.Release|Any CPU.Build.0 = Release|Any CPU
		{308F0AE1-3879-4E3F-8A4A-8D745A140D55}.Debug|Any CPU.ActiveCfg = Debug|Any CPU
		{308F0AE1-3879-4E3F-8A4A-8D745A140D55}.Debug|Any CPU.Build.0 = Debug|Any CPU
		{308F0AE1-3879-4E3F-8A4A-8D745A140D55}.Release|Any CPU.ActiveCfg = Release|Any CPU
		{308F0AE1-3879-4E3F-8A4A-8D745A140D55}.Release|Any CPU.Build.0 = Release|Any CPU
		{0A4AF450-CD7B-4A21-9623-D320C43B507D}.Debug|Any CPU.ActiveCfg = Debug|Any CPU
		{0A4AF450-CD7B-4A21-9623-D320C43B507D}.Debug|Any CPU.Build.0 = Debug|Any CPU
		{0A4AF450-CD7B-4A21-9623-D320C43B507D}.Release|Any CPU.ActiveCfg = Release|Any CPU
		{0A4AF450-CD7B-4A21-9623-D320C43B507D}.Release|Any CPU.Build.0 = Release|Any CPU
		{40240407-1664-45D0-9CE1-354981AB2DCB}.Debug|Any CPU.ActiveCfg = Debug|Any CPU
		{40240407-1664-45D0-9CE1-354981AB2DCB}.Debug|Any CPU.Build.0 = Debug|Any CPU
		{40240407-1664-45D0-9CE1-354981AB2DCB}.Release|Any CPU.ActiveCfg = Release|Any CPU
		{40240407-1664-45D0-9CE1-354981AB2DCB}.Release|Any CPU.Build.0 = Release|Any CPU
		{4CF03ABD-3936-4864-9699-87C763334E64}.Debug|Any CPU.ActiveCfg = Debug|Any CPU
		{4CF03ABD-3936-4864-9699-87C763334E64}.Debug|Any CPU.Build.0 = Debug|Any CPU
		{4CF03ABD-3936-4864-9699-87C763334E64}.Release|Any CPU.ActiveCfg = Release|Any CPU
		{4CF03ABD-3936-4864-9699-87C763334E64}.Release|Any CPU.Build.0 = Release|Any CPU
		{5D4E904A-4323-4DCC-9C07-4E6D1C00FEB7}.Debug|Any CPU.ActiveCfg = Debug|Any CPU
		{5D4E904A-4323-4DCC-9C07-4E6D1C00FEB7}.Debug|Any CPU.Build.0 = Debug|Any CPU
		{5D4E904A-4323-4DCC-9C07-4E6D1C00FEB7}.Release|Any CPU.ActiveCfg = Release|Any CPU
		{5D4E904A-4323-4DCC-9C07-4E6D1C00FEB7}.Release|Any CPU.Build.0 = Release|Any CPU
		{A4F51731-D4E0-4B8D-A0ED-196EF5C45078}.Debug|Any CPU.ActiveCfg = Debug|Any CPU
		{A4F51731-D4E0-4B8D-A0ED-196EF5C45078}.Debug|Any CPU.Build.0 = Debug|Any CPU
		{A4F51731-D4E0-4B8D-A0ED-196EF5C45078}.Release|Any CPU.ActiveCfg = Release|Any CPU
		{A4F51731-D4E0-4B8D-A0ED-196EF5C45078}.Release|Any CPU.Build.0 = Release|Any CPU
		{C8D8581A-3EDF-48F1-BC1C-712D57C45364}.Debug|Any CPU.ActiveCfg = Debug|Any CPU
		{C8D8581A-3EDF-48F1-BC1C-712D57C45364}.Debug|Any CPU.Build.0 = Debug|Any CPU
		{C8D8581A-3EDF-48F1-BC1C-712D57C45364}.Release|Any CPU.ActiveCfg = Release|Any CPU
		{C8D8581A-3EDF-48F1-BC1C-712D57C45364}.Release|Any CPU.Build.0 = Release|Any CPU
		{CBE03B49-E15C-45D6-A2D3-CCE4A1E6C754}.Debug|Any CPU.ActiveCfg = Debug|Any CPU
		{CBE03B49-E15C-45D6-A2D3-CCE4A1E6C754}.Debug|Any CPU.Build.0 = Debug|Any CPU
		{CBE03B49-E15C-45D6-A2D3-CCE4A1E6C754}.Release|Any CPU.ActiveCfg = Release|Any CPU
		{CBE03B49-E15C-45D6-A2D3-CCE4A1E6C754}.Release|Any CPU.Build.0 = Release|Any CPU
		{F48D7F29-6B8F-42A9-A452-63B92BD9C21D}.Debug|Any CPU.ActiveCfg = Debug|Any CPU
		{F48D7F29-6B8F-42A9-A452-63B92BD9C21D}.Debug|Any CPU.Build.0 = Debug|Any CPU
		{F48D7F29-6B8F-42A9-A452-63B92BD9C21D}.Release|Any CPU.ActiveCfg = Release|Any CPU
		{F48D7F29-6B8F-42A9-A452-63B92BD9C21D}.Release|Any CPU.Build.0 = Release|Any CPU
	EndGlobalSection
	GlobalSection(SolutionProperties) = preSolution
		HideSolutionNode = FALSE
	EndGlobalSection
	GlobalSection(NestedProjects) = preSolution
		{872C9A72-9017-4535-9D09-15B7A2084292} = {61A3D273-FE7D-443E-A381-6B01220C013E}
		{308F0AE1-3879-4E3F-8A4A-8D745A140D55} = {BF572A4A-7C69-4CBB-A01A-F705BFD8EA91}
		{0A4AF450-CD7B-4A21-9623-D320C43B507D} = {FCAE3C29-7537-45E8-922E-16DF4D1BDFD5}
		{40240407-1664-45D0-9CE1-354981AB2DCB} = {FCAE3C29-7537-45E8-922E-16DF4D1BDFD5}
		{4CF03ABD-3936-4864-9699-87C763334E64} = {AD7F226F-3AD5-4C31-89F0-D0E9D0B64AAD}
		{5D4E904A-4323-4DCC-9C07-4E6D1C00FEB7} = {AD7F226F-3AD5-4C31-89F0-D0E9D0B64AAD}
		{A4F51731-D4E0-4B8D-A0ED-196EF5C45078} = {9366BDCE-F863-4F63-893C-7698E3083431}
		{C8D8581A-3EDF-48F1-BC1C-712D57C45364} = {9366BDCE-F863-4F63-893C-7698E3083431}
		{CBE03B49-E15C-45D6-A2D3-CCE4A1E6C754} = {A17B37BE-62C9-4A36-90DE-8ADC9F63C596}
		{F48D7F29-6B8F-42A9-A452-63B92BD9C21D} = {A17B37BE-62C9-4A36-90DE-8ADC9F63C596}
	EndGlobalSection
	GlobalSection(ExtensibilityGlobals) = postSolution
		SolutionGuid = {1253AF3F-73A2-4E44-979E-7034B8BC1661}
	EndGlobalSection
EndGlobal
